// !$*UTF8*$!
{
	archiveVersion = 1;
	classes = {
	};
	objectVersion = 50;
	objects = {

/* Begin PBXBuildFile section */
		1A6662FD23AB88EB00A48F82 /* RecommendedProgramListCell.m in Sources */ = {isa = PBXBuildFile; fileRef = 1A6662FB23AB88EB00A48F82 /* RecommendedProgramListCell.m */; };
		1A6662FE23AB88EB00A48F82 /* RecommendedProgramListCell.xib in Resources */ = {isa = PBXBuildFile; fileRef = 1A6662FC23AB88EB00A48F82 /* RecommendedProgramListCell.xib */; };
		1A66630323AB8D1300A48F82 /* trainer-programs.json in Resources */ = {isa = PBXBuildFile; fileRef = 1A66630223AB8D1300A48F82 /* trainer-programs.json */; };
		4D16846023AA543A00D919B0 /* AppDelegate.m in Sources */ = {isa = PBXBuildFile; fileRef = 4D16845F23AA543A00D919B0 /* AppDelegate.m */; };
		4D16846323AA543A00D919B0 /* RecommendedProgramListViewController.m in Sources */ = {isa = PBXBuildFile; fileRef = 4D16846223AA543A00D919B0 /* RecommendedProgramListViewController.m */; };
		4D16846623AA543A00D919B0 /* Main.storyboard in Resources */ = {isa = PBXBuildFile; fileRef = 4D16846423AA543A00D919B0 /* Main.storyboard */; };
		4D16846823AA543C00D919B0 /* Assets.xcassets in Resources */ = {isa = PBXBuildFile; fileRef = 4D16846723AA543C00D919B0 /* Assets.xcassets */; };
		4D16846B23AA543C00D919B0 /* LaunchScreen.storyboard in Resources */ = {isa = PBXBuildFile; fileRef = 4D16846923AA543C00D919B0 /* LaunchScreen.storyboard */; };
		4D16846E23AA543C00D919B0 /* main.m in Sources */ = {isa = PBXBuildFile; fileRef = 4D16846D23AA543C00D919B0 /* main.m */; };
		4D16847823AA543C00D919B0 /* SWEATTests.m in Sources */ = {isa = PBXBuildFile; fileRef = 4D16847723AA543C00D919B0 /* SWEATTests.m */; };
		8E1E6B123DE356CA368BB5BB /* Pods_SWEAT.framework in Frameworks */ = {isa = PBXBuildFile; fileRef = 49636656E236513AA71AED2F /* Pods_SWEAT.framework */; };
		C74F91DC39CCBBA1F8D751EF /* Pods_SWEATTests.framework in Frameworks */ = {isa = PBXBuildFile; fileRef = DB4458BF72A3143B7628CF19 /* Pods_SWEATTests.framework */; };
/* End PBXBuildFile section */

/* Begin PBXContainerItemProxy section */
		4D16847423AA543C00D919B0 /* PBXContainerItemProxy */ = {
			isa = PBXContainerItemProxy;
			containerPortal = 4D16845323AA543A00D919B0 /* Project object */;
			proxyType = 1;
			remoteGlobalIDString = 4D16845A23AA543A00D919B0;
			remoteInfo = SWEAT;
		};
/* End PBXContainerItemProxy section */

/* Begin PBXFileReference section */
		1A6662FA23AB88EB00A48F82 /* RecommendedProgramListCell.h */ = {isa = PBXFileReference; lastKnownFileType = sourcecode.c.h; path = RecommendedProgramListCell.h; sourceTree = "<group>"; };
		1A6662FB23AB88EB00A48F82 /* RecommendedProgramListCell.m */ = {isa = PBXFileReference; lastKnownFileType = sourcecode.c.objc; path = RecommendedProgramListCell.m; sourceTree = "<group>"; };
		1A6662FC23AB88EB00A48F82 /* RecommendedProgramListCell.xib */ = {isa = PBXFileReference; lastKnownFileType = file.xib; path = RecommendedProgramListCell.xib; sourceTree = "<group>"; };
		1A66630223AB8D1300A48F82 /* trainer-programs.json */ = {isa = PBXFileReference; fileEncoding = 4; lastKnownFileType = text.json; path = "trainer-programs.json"; sourceTree = "<group>"; };
		49636656E236513AA71AED2F /* Pods_SWEAT.framework */ = {isa = PBXFileReference; explicitFileType = wrapper.framework; includeInIndex = 0; path = Pods_SWEAT.framework; sourceTree = BUILT_PRODUCTS_DIR; };
		4D16845B23AA543A00D919B0 /* SWEAT.app */ = {isa = PBXFileReference; explicitFileType = wrapper.application; includeInIndex = 0; path = SWEAT.app; sourceTree = BUILT_PRODUCTS_DIR; };
		4D16845E23AA543A00D919B0 /* AppDelegate.h */ = {isa = PBXFileReference; lastKnownFileType = sourcecode.c.h; path = AppDelegate.h; sourceTree = "<group>"; };
		4D16845F23AA543A00D919B0 /* AppDelegate.m */ = {isa = PBXFileReference; lastKnownFileType = sourcecode.c.objc; path = AppDelegate.m; sourceTree = "<group>"; };
		4D16846123AA543A00D919B0 /* RecommendedProgramListViewController.h */ = {isa = PBXFileReference; lastKnownFileType = sourcecode.c.h; path = RecommendedProgramListViewController.h; sourceTree = "<group>"; };
		4D16846223AA543A00D919B0 /* RecommendedProgramListViewController.m */ = {isa = PBXFileReference; lastKnownFileType = sourcecode.c.objc; path = RecommendedProgramListViewController.m; sourceTree = "<group>"; };
		4D16846523AA543A00D919B0 /* Base */ = {isa = PBXFileReference; lastKnownFileType = file.storyboard; name = Base; path = Base.lproj/Main.storyboard; sourceTree = "<group>"; };
		4D16846723AA543C00D919B0 /* Assets.xcassets */ = {isa = PBXFileReference; lastKnownFileType = folder.assetcatalog; path = Assets.xcassets; sourceTree = "<group>"; };
		4D16846A23AA543C00D919B0 /* Base */ = {isa = PBXFileReference; lastKnownFileType = file.storyboard; name = Base; path = Base.lproj/LaunchScreen.storyboard; sourceTree = "<group>"; };
		4D16846C23AA543C00D919B0 /* Info.plist */ = {isa = PBXFileReference; lastKnownFileType = text.plist.xml; path = Info.plist; sourceTree = "<group>"; };
		4D16846D23AA543C00D919B0 /* main.m */ = {isa = PBXFileReference; lastKnownFileType = sourcecode.c.objc; path = main.m; sourceTree = "<group>"; };
		4D16847323AA543C00D919B0 /* SWEATTests.xctest */ = {isa = PBXFileReference; explicitFileType = wrapper.cfbundle; includeInIndex = 0; path = SWEATTests.xctest; sourceTree = BUILT_PRODUCTS_DIR; };
		4D16847723AA543C00D919B0 /* SWEATTests.m */ = {isa = PBXFileReference; lastKnownFileType = sourcecode.c.objc; path = SWEATTests.m; sourceTree = "<group>"; };
		4D16847923AA543C00D919B0 /* Info.plist */ = {isa = PBXFileReference; lastKnownFileType = text.plist.xml; path = Info.plist; sourceTree = "<group>"; };
		94DBF6C88569DCEE77BDA7DF /* Pods-SWEATTests.debug.xcconfig */ = {isa = PBXFileReference; includeInIndex = 1; lastKnownFileType = text.xcconfig; name = "Pods-SWEATTests.debug.xcconfig"; path = "Target Support Files/Pods-SWEATTests/Pods-SWEATTests.debug.xcconfig"; sourceTree = "<group>"; };
		96657E2E7777808BB3639E12 /* Pods-SWEATTests.release.xcconfig */ = {isa = PBXFileReference; includeInIndex = 1; lastKnownFileType = text.xcconfig; name = "Pods-SWEATTests.release.xcconfig"; path = "Target Support Files/Pods-SWEATTests/Pods-SWEATTests.release.xcconfig"; sourceTree = "<group>"; };
		C4D8707E25ED3B32EBDBB76C /* Pods-SWEAT.debug.xcconfig */ = {isa = PBXFileReference; includeInIndex = 1; lastKnownFileType = text.xcconfig; name = "Pods-SWEAT.debug.xcconfig"; path = "Target Support Files/Pods-SWEAT/Pods-SWEAT.debug.xcconfig"; sourceTree = "<group>"; };
		DB4458BF72A3143B7628CF19 /* Pods_SWEATTests.framework */ = {isa = PBXFileReference; explicitFileType = wrapper.framework; includeInIndex = 0; path = Pods_SWEATTests.framework; sourceTree = BUILT_PRODUCTS_DIR; };
		EA9E7C6778A8BFB11724BF67 /* Pods-SWEAT.release.xcconfig */ = {isa = PBXFileReference; includeInIndex = 1; lastKnownFileType = text.xcconfig; name = "Pods-SWEAT.release.xcconfig"; path = "Target Support Files/Pods-SWEAT/Pods-SWEAT.release.xcconfig"; sourceTree = "<group>"; };
/* End PBXFileReference section */

/* Begin PBXFrameworksBuildPhase section */
		4D16845823AA543A00D919B0 /* Frameworks */ = {
			isa = PBXFrameworksBuildPhase;
			buildActionMask = 2147483647;
			files = (
				8E1E6B123DE356CA368BB5BB /* Pods_SWEAT.framework in Frameworks */,
			);
			runOnlyForDeploymentPostprocessing = 0;
		};
		4D16847023AA543C00D919B0 /* Frameworks */ = {
			isa = PBXFrameworksBuildPhase;
			buildActionMask = 2147483647;
			files = (
				C74F91DC39CCBBA1F8D751EF /* Pods_SWEATTests.framework in Frameworks */,
			);
			runOnlyForDeploymentPostprocessing = 0;
		};
/* End PBXFrameworksBuildPhase section */

/* Begin PBXGroup section */
		1A6662FF23AB88F200A48F82 /* Cell */ = {
			isa = PBXGroup;
			children = (
				1A6662FA23AB88EB00A48F82 /* RecommendedProgramListCell.h */,
				1A6662FB23AB88EB00A48F82 /* RecommendedProgramListCell.m */,
				1A6662FC23AB88EB00A48F82 /* RecommendedProgramListCell.xib */,
			);
			path = Cell;
			sourceTree = "<group>";
		};
		1A66630023AB8B0F00A48F82 /* Utility */ = {
			isa = PBXGroup;
			children = (
			);
			path = Utility;
			sourceTree = "<group>";
		};
		1A66630123AB8B1500A48F82 /* Support Files */ = {
			isa = PBXGroup;
			children = (
				1A66630223AB8D1300A48F82 /* trainer-programs.json */,
			);
			path = "Support Files";
			sourceTree = "<group>";
		};
		4D16845223AA543A00D919B0 = {
			isa = PBXGroup;
			children = (
				4D16845D23AA543A00D919B0 /* SWEAT */,
				4D16847623AA543C00D919B0 /* SWEATTests */,
				4D16845C23AA543A00D919B0 /* Products */,
				FAF194A9B85F239142C98257 /* Pods */,
				811E24667A8949E0FBB5BE64 /* Frameworks */,
			);
			sourceTree = "<group>";
		};
		4D16845C23AA543A00D919B0 /* Products */ = {
			isa = PBXGroup;
			children = (
				4D16845B23AA543A00D919B0 /* SWEAT.app */,
				4D16847323AA543C00D919B0 /* SWEATTests.xctest */,
			);
			name = Products;
			sourceTree = "<group>";
		};
		4D16845D23AA543A00D919B0 /* SWEAT */ = {
			isa = PBXGroup;
			children = (
				1A66630123AB8B1500A48F82 /* Support Files */,
				1A66630023AB8B0F00A48F82 /* Utility */,
				4D16848223AA5A9900D919B0 /* Screens */,
				4D16845E23AA543A00D919B0 /* AppDelegate.h */,
				4D16845F23AA543A00D919B0 /* AppDelegate.m */,
				4D16846423AA543A00D919B0 /* Main.storyboard */,
				4D16846723AA543C00D919B0 /* Assets.xcassets */,
				4D16846923AA543C00D919B0 /* LaunchScreen.storyboard */,
				4D16846C23AA543C00D919B0 /* Info.plist */,
				4D16846D23AA543C00D919B0 /* main.m */,
			);
			path = SWEAT;
			sourceTree = "<group>";
		};
		4D16847623AA543C00D919B0 /* SWEATTests */ = {
			isa = PBXGroup;
			children = (
				4D16847723AA543C00D919B0 /* SWEATTests.m */,
				4D16847923AA543C00D919B0 /* Info.plist */,
			);
			path = SWEATTests;
			sourceTree = "<group>";
		};
		4D16848223AA5A9900D919B0 /* Screens */ = {
			isa = PBXGroup;
			children = (
				4D16848323AA5AAB00D919B0 /* RecommendedProgramList */,
			);
			path = Screens;
			sourceTree = "<group>";
		};
		4D16848323AA5AAB00D919B0 /* RecommendedProgramList */ = {
			isa = PBXGroup;
			children = (
				4D16848423AA5C5F00D919B0 /* Model */,
				4D16848523AA5C6400D919B0 /* View */,
				4D16848623AA5C6800D919B0 /* ViewModel */,
			);
			path = RecommendedProgramList;
			sourceTree = "<group>";
		};
		4D16848423AA5C5F00D919B0 /* Model */ = {
			isa = PBXGroup;
			children = (
			);
			path = Model;
			sourceTree = "<group>";
		};
		4D16848523AA5C6400D919B0 /* View */ = {
			isa = PBXGroup;
			children = (
				1A6662FF23AB88F200A48F82 /* Cell */,
				4D16846123AA543A00D919B0 /* RecommendedProgramListViewController.h */,
				4D16846223AA543A00D919B0 /* RecommendedProgramListViewController.m */,
			);
			path = View;
			sourceTree = "<group>";
		};
		4D16848623AA5C6800D919B0 /* ViewModel */ = {
			isa = PBXGroup;
			children = (
			);
			path = ViewModel;
			sourceTree = "<group>";
		};
		811E24667A8949E0FBB5BE64 /* Frameworks */ = {
			isa = PBXGroup;
			children = (
				49636656E236513AA71AED2F /* Pods_SWEAT.framework */,
				DB4458BF72A3143B7628CF19 /* Pods_SWEATTests.framework */,
			);
			name = Frameworks;
			sourceTree = "<group>";
		};
		FAF194A9B85F239142C98257 /* Pods */ = {
			isa = PBXGroup;
			children = (
				C4D8707E25ED3B32EBDBB76C /* Pods-SWEAT.debug.xcconfig */,
				EA9E7C6778A8BFB11724BF67 /* Pods-SWEAT.release.xcconfig */,
				94DBF6C88569DCEE77BDA7DF /* Pods-SWEATTests.debug.xcconfig */,
				96657E2E7777808BB3639E12 /* Pods-SWEATTests.release.xcconfig */,
			);
			name = Pods;
			path = Pods;
			sourceTree = "<group>";
		};
/* End PBXGroup section */

/* Begin PBXNativeTarget section */
		4D16845A23AA543A00D919B0 /* SWEAT */ = {
			isa = PBXNativeTarget;
			buildConfigurationList = 4D16847C23AA543C00D919B0 /* Build configuration list for PBXNativeTarget "SWEAT" */;
			buildPhases = (
				C18C7C5D3A80E1384D4A6E30 /* [CP] Check Pods Manifest.lock */,
				4D16845723AA543A00D919B0 /* Sources */,
				4D16845823AA543A00D919B0 /* Frameworks */,
				4D16845923AA543A00D919B0 /* Resources */,
				57B79E2A7C99D05D913A011A /* [CP] Embed Pods Frameworks */,
			);
			buildRules = (
			);
			dependencies = (
			);
			name = SWEAT;
			productName = SWEAT;
			productReference = 4D16845B23AA543A00D919B0 /* SWEAT.app */;
			productType = "com.apple.product-type.application";
		};
		4D16847223AA543C00D919B0 /* SWEATTests */ = {
			isa = PBXNativeTarget;
			buildConfigurationList = 4D16847F23AA543C00D919B0 /* Build configuration list for PBXNativeTarget "SWEATTests" */;
			buildPhases = (
				EE6D2DFA28783CFA75E9E4F5 /* [CP] Check Pods Manifest.lock */,
				4D16846F23AA543C00D919B0 /* Sources */,
				4D16847023AA543C00D919B0 /* Frameworks */,
				4D16847123AA543C00D919B0 /* Resources */,
			);
			buildRules = (
			);
			dependencies = (
				4D16847523AA543C00D919B0 /* PBXTargetDependency */,
			);
			name = SWEATTests;
			productName = SWEATTests;
			productReference = 4D16847323AA543C00D919B0 /* SWEATTests.xctest */;
			productType = "com.apple.product-type.bundle.unit-test";
		};
/* End PBXNativeTarget section */

/* Begin PBXProject section */
		4D16845323AA543A00D919B0 /* Project object */ = {
			isa = PBXProject;
			attributes = {
				LastUpgradeCheck = 1020;
				ORGANIZATIONNAME = WuKaipeng;
				TargetAttributes = {
					4D16845A23AA543A00D919B0 = {
						CreatedOnToolsVersion = 10.2.1;
					};
					4D16847223AA543C00D919B0 = {
						CreatedOnToolsVersion = 10.2.1;
						TestTargetID = 4D16845A23AA543A00D919B0;
					};
				};
			};
			buildConfigurationList = 4D16845623AA543A00D919B0 /* Build configuration list for PBXProject "SWEAT" */;
			compatibilityVersion = "Xcode 9.3";
			developmentRegion = en;
			hasScannedForEncodings = 0;
			knownRegions = (
				en,
				Base,
			);
			mainGroup = 4D16845223AA543A00D919B0;
			productRefGroup = 4D16845C23AA543A00D919B0 /* Products */;
			projectDirPath = "";
			projectRoot = "";
			targets = (
				4D16845A23AA543A00D919B0 /* SWEAT */,
				4D16847223AA543C00D919B0 /* SWEATTests */,
			);
		};
/* End PBXProject section */

/* Begin PBXResourcesBuildPhase section */
		4D16845923AA543A00D919B0 /* Resources */ = {
			isa = PBXResourcesBuildPhase;
			buildActionMask = 2147483647;
			files = (
				4D16846B23AA543C00D919B0 /* LaunchScreen.storyboard in Resources */,
				4D16846823AA543C00D919B0 /* Assets.xcassets in Resources */,
				1A6662FE23AB88EB00A48F82 /* RecommendedProgramListCell.xib in Resources */,
				4D16846623AA543A00D919B0 /* Main.storyboard in Resources */,
				1A66630323AB8D1300A48F82 /* trainer-programs.json in Resources */,
			);
			runOnlyForDeploymentPostprocessing = 0;
		};
		4D16847123AA543C00D919B0 /* Resources */ = {
			isa = PBXResourcesBuildPhase;
			buildActionMask = 2147483647;
			files = (
			);
			runOnlyForDeploymentPostprocessing = 0;
		};
/* End PBXResourcesBuildPhase section */

/* Begin PBXShellScriptBuildPhase section */
		57B79E2A7C99D05D913A011A /* [CP] Embed Pods Frameworks */ = {
			isa = PBXShellScriptBuildPhase;
			buildActionMask = 2147483647;
			files = (
			);
			inputFileListPaths = (
				"${PODS_ROOT}/Target Support Files/Pods-SWEAT/Pods-SWEAT-frameworks-${CONFIGURATION}-input-files.xcfilelist",
			);
			name = "[CP] Embed Pods Frameworks";
			outputFileListPaths = (
				"${PODS_ROOT}/Target Support Files/Pods-SWEAT/Pods-SWEAT-frameworks-${CONFIGURATION}-output-files.xcfilelist",
			);
			runOnlyForDeploymentPostprocessing = 0;
			shellPath = /bin/sh;
			shellScript = "\"${PODS_ROOT}/Target Support Files/Pods-SWEAT/Pods-SWEAT-frameworks.sh\"\n";
			showEnvVarsInLog = 0;
		};
		C18C7C5D3A80E1384D4A6E30 /* [CP] Check Pods Manifest.lock */ = {
			isa = PBXShellScriptBuildPhase;
			buildActionMask = 2147483647;
			files = (
			);
			inputFileListPaths = (
			);
			inputPaths = (
				"${PODS_PODFILE_DIR_PATH}/Podfile.lock",
				"${PODS_ROOT}/Manifest.lock",
			);
			name = "[CP] Check Pods Manifest.lock";
			outputFileListPaths = (
			);
			outputPaths = (
				"$(DERIVED_FILE_DIR)/Pods-SWEAT-checkManifestLockResult.txt",
			);
			runOnlyForDeploymentPostprocessing = 0;
			shellPath = /bin/sh;
			shellScript = "diff \"${PODS_PODFILE_DIR_PATH}/Podfile.lock\" \"${PODS_ROOT}/Manifest.lock\" > /dev/null\nif [ $? != 0 ] ; then\n    # print error to STDERR\n    echo \"error: The sandbox is not in sync with the Podfile.lock. Run 'pod install' or update your CocoaPods installation.\" >&2\n    exit 1\nfi\n# This output is used by Xcode 'outputs' to avoid re-running this script phase.\necho \"SUCCESS\" > \"${SCRIPT_OUTPUT_FILE_0}\"\n";
			showEnvVarsInLog = 0;
		};
		EE6D2DFA28783CFA75E9E4F5 /* [CP] Check Pods Manifest.lock */ = {
			isa = PBXShellScriptBuildPhase;
			buildActionMask = 2147483647;
			files = (
			);
			inputFileListPaths = (
			);
			inputPaths = (
				"${PODS_PODFILE_DIR_PATH}/Podfile.lock",
				"${PODS_ROOT}/Manifest.lock",
			);
			name = "[CP] Check Pods Manifest.lock";
			outputFileListPaths = (
			);
			outputPaths = (
				"$(DERIVED_FILE_DIR)/Pods-SWEATTests-checkManifestLockResult.txt",
			);
			runOnlyForDeploymentPostprocessing = 0;
			shellPath = /bin/sh;
			shellScript = "diff \"${PODS_PODFILE_DIR_PATH}/Podfile.lock\" \"${PODS_ROOT}/Manifest.lock\" > /dev/null\nif [ $? != 0 ] ; then\n    # print error to STDERR\n    echo \"error: The sandbox is not in sync with the Podfile.lock. Run 'pod install' or update your CocoaPods installation.\" >&2\n    exit 1\nfi\n# This output is used by Xcode 'outputs' to avoid re-running this script phase.\necho \"SUCCESS\" > \"${SCRIPT_OUTPUT_FILE_0}\"\n";
			showEnvVarsInLog = 0;
		};
/* End PBXShellScriptBuildPhase section */

/* Begin PBXSourcesBuildPhase section */
		4D16845723AA543A00D919B0 /* Sources */ = {
			isa = PBXSourcesBuildPhase;
			buildActionMask = 2147483647;
			files = (
				4D16846323AA543A00D919B0 /* RecommendedProgramListViewController.m in Sources */,
				4D16846E23AA543C00D919B0 /* main.m in Sources */,
				1A6662FD23AB88EB00A48F82 /* RecommendedProgramListCell.m in Sources */,
				4D16846023AA543A00D919B0 /* AppDelegate.m in Sources */,
			);
			runOnlyForDeploymentPostprocessing = 0;
		};
		4D16846F23AA543C00D919B0 /* Sources */ = {
			isa = PBXSourcesBuildPhase;
			buildActionMask = 2147483647;
			files = (
				4D16847823AA543C00D919B0 /* SWEATTests.m in Sources */,
			);
			runOnlyForDeploymentPostprocessing = 0;
		};
/* End PBXSourcesBuildPhase section */

/* Begin PBXTargetDependency section */
		4D16847523AA543C00D919B0 /* PBXTargetDependency */ = {
			isa = PBXTargetDependency;
			target = 4D16845A23AA543A00D919B0 /* SWEAT */;
			targetProxy = 4D16847423AA543C00D919B0 /* PBXContainerItemProxy */;
		};
/* End PBXTargetDependency section */

/* Begin PBXVariantGroup section */
		4D16846423AA543A00D919B0 /* Main.storyboard */ = {
			isa = PBXVariantGroup;
			children = (
				4D16846523AA543A00D919B0 /* Base */,
			);
			name = Main.storyboard;
			sourceTree = "<group>";
		};
		4D16846923AA543C00D919B0 /* LaunchScreen.storyboard */ = {
			isa = PBXVariantGroup;
			children = (
				4D16846A23AA543C00D919B0 /* Base */,
			);
			name = LaunchScreen.storyboard;
			sourceTree = "<group>";
		};
/* End PBXVariantGroup section */

/* Begin XCBuildConfiguration section */
		4D16847A23AA543C00D919B0 /* Debug */ = {
			isa = XCBuildConfiguration;
			buildSettings = {
				ALWAYS_SEARCH_USER_PATHS = NO;
				CLANG_ANALYZER_NONNULL = YES;
				CLANG_ANALYZER_NUMBER_OBJECT_CONVERSION = YES_AGGRESSIVE;
				CLANG_CXX_LANGUAGE_STANDARD = "gnu++14";
				CLANG_CXX_LIBRARY = "libc++";
				CLANG_ENABLE_MODULES = YES;
				CLANG_ENABLE_OBJC_ARC = YES;
				CLANG_ENABLE_OBJC_WEAK = YES;
				CLANG_WARN_BLOCK_CAPTURE_AUTORELEASING = YES;
				CLANG_WARN_BOOL_CONVERSION = YES;
				CLANG_WARN_COMMA = YES;
				CLANG_WARN_CONSTANT_CONVERSION = YES;
				CLANG_WARN_DEPRECATED_OBJC_IMPLEMENTATIONS = YES;
				CLANG_WARN_DIRECT_OBJC_ISA_USAGE = YES_ERROR;
				CLANG_WARN_DOCUMENTATION_COMMENTS = YES;
				CLANG_WARN_EMPTY_BODY = YES;
				CLANG_WARN_ENUM_CONVERSION = YES;
				CLANG_WARN_INFINITE_RECURSION = YES;
				CLANG_WARN_INT_CONVERSION = YES;
				CLANG_WARN_NON_LITERAL_NULL_CONVERSION = YES;
				CLANG_WARN_OBJC_IMPLICIT_RETAIN_SELF = YES;
				CLANG_WARN_OBJC_LITERAL_CONVERSION = YES;
				CLANG_WARN_OBJC_ROOT_CLASS = YES_ERROR;
				CLANG_WARN_RANGE_LOOP_ANALYSIS = YES;
				CLANG_WARN_STRICT_PROTOTYPES = YES;
				CLANG_WARN_SUSPICIOUS_MOVE = YES;
				CLANG_WARN_UNGUARDED_AVAILABILITY = YES_AGGRESSIVE;
				CLANG_WARN_UNREACHABLE_CODE = YES;
				CLANG_WARN__DUPLICATE_METHOD_MATCH = YES;
				CODE_SIGN_IDENTITY = "iPhone Developer";
				COPY_PHASE_STRIP = NO;
				DEBUG_INFORMATION_FORMAT = dwarf;
				ENABLE_STRICT_OBJC_MSGSEND = YES;
				ENABLE_TESTABILITY = YES;
				GCC_C_LANGUAGE_STANDARD = gnu11;
				GCC_DYNAMIC_NO_PIC = NO;
				GCC_NO_COMMON_BLOCKS = YES;
				GCC_OPTIMIZATION_LEVEL = 0;
				GCC_PREPROCESSOR_DEFINITIONS = (
					"DEBUG=1",
					"$(inherited)",
				);
				GCC_WARN_64_TO_32_BIT_CONVERSION = YES;
				GCC_WARN_ABOUT_RETURN_TYPE = YES_ERROR;
				GCC_WARN_UNDECLARED_SELECTOR = YES;
				GCC_WARN_UNINITIALIZED_AUTOS = YES_AGGRESSIVE;
				GCC_WARN_UNUSED_FUNCTION = YES;
				GCC_WARN_UNUSED_VARIABLE = YES;
				IPHONEOS_DEPLOYMENT_TARGET = 11.0;
				MTL_ENABLE_DEBUG_INFO = INCLUDE_SOURCE;
				MTL_FAST_MATH = YES;
				ONLY_ACTIVE_ARCH = YES;
				SDKROOT = iphoneos;
			};
			name = Debug;
		};
		4D16847B23AA543C00D919B0 /* Release */ = {
			isa = XCBuildConfiguration;
			buildSettings = {
				ALWAYS_SEARCH_USER_PATHS = NO;
				CLANG_ANALYZER_NONNULL = YES;
				CLANG_ANALYZER_NUMBER_OBJECT_CONVERSION = YES_AGGRESSIVE;
				CLANG_CXX_LANGUAGE_STANDARD = "gnu++14";
				CLANG_CXX_LIBRARY = "libc++";
				CLANG_ENABLE_MODULES = YES;
				CLANG_ENABLE_OBJC_ARC = YES;
				CLANG_ENABLE_OBJC_WEAK = YES;
				CLANG_WARN_BLOCK_CAPTURE_AUTORELEASING = YES;
				CLANG_WARN_BOOL_CONVERSION = YES;
				CLANG_WARN_COMMA = YES;
				CLANG_WARN_CONSTANT_CONVERSION = YES;
				CLANG_WARN_DEPRECATED_OBJC_IMPLEMENTATIONS = YES;
				CLANG_WARN_DIRECT_OBJC_ISA_USAGE = YES_ERROR;
				CLANG_WARN_DOCUMENTATION_COMMENTS = YES;
				CLANG_WARN_EMPTY_BODY = YES;
				CLANG_WARN_ENUM_CONVERSION = YES;
				CLANG_WARN_INFINITE_RECURSION = YES;
				CLANG_WARN_INT_CONVERSION = YES;
				CLANG_WARN_NON_LITERAL_NULL_CONVERSION = YES;
				CLANG_WARN_OBJC_IMPLICIT_RETAIN_SELF = YES;
				CLANG_WARN_OBJC_LITERAL_CONVERSION = YES;
				CLANG_WARN_OBJC_ROOT_CLASS = YES_ERROR;
				CLANG_WARN_RANGE_LOOP_ANALYSIS = YES;
				CLANG_WARN_STRICT_PROTOTYPES = YES;
				CLANG_WARN_SUSPICIOUS_MOVE = YES;
				CLANG_WARN_UNGUARDED_AVAILABILITY = YES_AGGRESSIVE;
				CLANG_WARN_UNREACHABLE_CODE = YES;
				CLANG_WARN__DUPLICATE_METHOD_MATCH = YES;
				CODE_SIGN_IDENTITY = "iPhone Developer";
				COPY_PHASE_STRIP = NO;
				DEBUG_INFORMATION_FORMAT = "dwarf-with-dsym";
				ENABLE_NS_ASSERTIONS = NO;
				ENABLE_STRICT_OBJC_MSGSEND = YES;
				GCC_C_LANGUAGE_STANDARD = gnu11;
				GCC_NO_COMMON_BLOCKS = YES;
				GCC_WARN_64_TO_32_BIT_CONVERSION = YES;
				GCC_WARN_ABOUT_RETURN_TYPE = YES_ERROR;
				GCC_WARN_UNDECLARED_SELECTOR = YES;
				GCC_WARN_UNINITIALIZED_AUTOS = YES_AGGRESSIVE;
				GCC_WARN_UNUSED_FUNCTION = YES;
				GCC_WARN_UNUSED_VARIABLE = YES;
				IPHONEOS_DEPLOYMENT_TARGET = 11.0;
				MTL_ENABLE_DEBUG_INFO = NO;
				MTL_FAST_MATH = YES;
				SDKROOT = iphoneos;
				VALIDATE_PRODUCT = YES;
			};
			name = Release;
		};
		4D16847D23AA543C00D919B0 /* Debug */ = {
			isa = XCBuildConfiguration;
			baseConfigurationReference = C4D8707E25ED3B32EBDBB76C /* Pods-SWEAT.debug.xcconfig */;
			buildSettings = {
				ASSETCATALOG_COMPILER_APPICON_NAME = AppIcon;
				CODE_SIGN_STYLE = Automatic;
				INFOPLIST_FILE = SWEAT/Info.plist;
				LD_RUNPATH_SEARCH_PATHS = (
					"$(inherited)",
					"@executable_path/Frameworks",
				);
				PRODUCT_BUNDLE_IDENTIFIER = com.kaip598.SWEAT;
				PRODUCT_NAME = "$(TARGET_NAME)";
				TARGETED_DEVICE_FAMILY = "1,2";
			};
			name = Debug;
		};
		4D16847E23AA543C00D919B0 /* Release */ = {
			isa = XCBuildConfiguration;
			baseConfigurationReference = EA9E7C6778A8BFB11724BF67 /* Pods-SWEAT.release.xcconfig */;
			buildSettings = {
				ASSETCATALOG_COMPILER_APPICON_NAME = AppIcon;
				CODE_SIGN_STYLE = Automatic;
				INFOPLIST_FILE = SWEAT/Info.plist;
				LD_RUNPATH_SEARCH_PATHS = (
					"$(inherited)",
					"@executable_path/Frameworks",
				);
				PRODUCT_BUNDLE_IDENTIFIER = com.kaip598.SWEAT;
				PRODUCT_NAME = "$(TARGET_NAME)";
				TARGETED_DEVICE_FAMILY = "1,2";
			};
			name = Release;
		};
		4D16848023AA543C00D919B0 /* Debug */ = {
			isa = XCBuildConfiguration;
			baseConfigurationReference = 94DBF6C88569DCEE77BDA7DF /* Pods-SWEATTests.debug.xcconfig */;
			buildSettings = {
				BUNDLE_LOADER = "$(TEST_HOST)";
				CODE_SIGN_STYLE = Automatic;
				INFOPLIST_FILE = SWEATTests/Info.plist;
				LD_RUNPATH_SEARCH_PATHS = (
					"$(inherited)",
					"@executable_path/Frameworks",
					"@loader_path/Frameworks",
				);
				PRODUCT_BUNDLE_IDENTIFIER = com.kaip598.SWEATTests;
				PRODUCT_NAME = "$(TARGET_NAME)";
				TARGETED_DEVICE_FAMILY = "1,2";
				TEST_HOST = "$(BUILT_PRODUCTS_DIR)/SWEAT.app/SWEAT";
			};
			name = Debug;
		};
		4D16848123AA543C00D919B0 /* Release */ = {
			isa = XCBuildConfiguration;
			baseConfigurationReference = 96657E2E7777808BB3639E12 /* Pods-SWEATTests.release.xcconfig */;
			buildSettings = {
				BUNDLE_LOADER = "$(TEST_HOST)";
				CODE_SIGN_STYLE = Automatic;
				INFOPLIST_FILE = SWEATTests/Info.plist;
				LD_RUNPATH_SEARCH_PATHS = (
					"$(inherited)",
					"@executable_path/Frameworks",
					"@loader_path/Frameworks",
				);
				PRODUCT_BUNDLE_IDENTIFIER = com.kaip598.SWEATTests;
				PRODUCT_NAME = "$(TARGET_NAME)";
				TARGETED_DEVICE_FAMILY = "1,2";
				TEST_HOST = "$(BUILT_PRODUCTS_DIR)/SWEAT.app/SWEAT";
			};
			name = Release;
		};
/* End XCBuildConfiguration section */

/* Begin XCConfigurationList section */
		4D16845623AA543A00D919B0 /* Build configuration list for PBXProject "SWEAT" */ = {
			isa = XCConfigurationList;
			buildConfigurations = (
				4D16847A23AA543C00D919B0 /* Debug */,
				4D16847B23AA543C00D919B0 /* Release */,
			);
			defaultConfigurationIsVisible = 0;
			defaultConfigurationName = Release;
		};
		4D16847C23AA543C00D919B0 /* Build configuration list for PBXNativeTarget "SWEAT" */ = {
			isa = XCConfigurationList;
			buildConfigurations = (
				4D16847D23AA543C00D919B0 /* Debug */,
				4D16847E23AA543C00D919B0 /* Release */,
			);
			defaultConfigurationIsVisible = 0;
			defaultConfigurationName = Release;
		};
		4D16847F23AA543C00D919B0 /* Build configuration list for PBXNativeTarget "SWEATTests" */ = {
			isa = XCConfigurationList;
			buildConfigurations = (
				4D16848023AA543C00D919B0 /* Debug */,
				4D16848123AA543C00D919B0 /* Release */,
			);
			defaultConfigurationIsVisible = 0;
			defaultConfigurationName = Release;
		};
/* End XCConfigurationList section */
	};
	rootObject = 4D16845323AA543A00D919B0 /* Project object */;
}
